// !$*UTF8*$!
{
	archiveVersion = 1;
	classes = {
	};
	objectVersion = 77;
	objects = {

/* Begin PBXBuildFile section */
		87813C4E2CDC2C81001F2C01 /* Kardasti Radio App Watch Watch App.app in Embed Watch Content */ = {isa = PBXBuildFile; fileRef = 87813C2B2CDC2C7F001F2C01 /* Kardasti Radio App Watch Watch App.app */; settings = {ATTRIBUTES = (RemoveHeadersOnCopy, ); }; };
/* End PBXBuildFile section */

/* Begin PBXContainerItemProxy section */
		87813C3B2CDC2C81001F2C01 /* PBXContainerItemProxy */ = {
			isa = PBXContainerItemProxy;
			containerPortal = 87CD47482CD2C0A60097B8E7 /* Project object */;
			proxyType = 1;
			remoteGlobalIDString = 87813C2A2CDC2C7F001F2C01;
			remoteInfo = "Kardasti Radio App Watch Watch App";
		};
		87813C452CDC2C81001F2C01 /* PBXContainerItemProxy */ = {
			isa = PBXContainerItemProxy;
			containerPortal = 87CD47482CD2C0A60097B8E7 /* Project object */;
			proxyType = 1;
			remoteGlobalIDString = 87813C2A2CDC2C7F001F2C01;
			remoteInfo = "Kardasti Radio App Watch Watch App";
		};
		87813C4C2CDC2C81001F2C01 /* PBXContainerItemProxy */ = {
			isa = PBXContainerItemProxy;
			containerPortal = 87CD47482CD2C0A60097B8E7 /* Project object */;
			proxyType = 1;
			remoteGlobalIDString = 87813C2A2CDC2C7F001F2C01;
			remoteInfo = "Kardasti Radio App Watch Watch App";
		};
		87CD47612CD2C0A70097B8E7 /* PBXContainerItemProxy */ = {
			isa = PBXContainerItemProxy;
			containerPortal = 87CD47482CD2C0A60097B8E7 /* Project object */;
			proxyType = 1;
			remoteGlobalIDString = 87CD474F2CD2C0A60097B8E7;
			remoteInfo = "Kardasti Radio";
		};
		87CD476B2CD2C0A70097B8E7 /* PBXContainerItemProxy */ = {
			isa = PBXContainerItemProxy;
			containerPortal = 87CD47482CD2C0A60097B8E7 /* Project object */;
			proxyType = 1;
			remoteGlobalIDString = 87CD474F2CD2C0A60097B8E7;
			remoteInfo = "Kardasti Radio";
		};
		87E23E672CE013C1006D993F /* PBXContainerItemProxy */ = {
			isa = PBXContainerItemProxy;
			containerPortal = 87CD47482CD2C0A60097B8E7 /* Project object */;
			proxyType = 1;
			remoteGlobalIDString = 87E23E562CE013BF006D993F;
			remoteInfo = "Kardasti Persian Radio";
		};
		87E23E712CE013C1006D993F /* PBXContainerItemProxy */ = {
			isa = PBXContainerItemProxy;
			containerPortal = 87CD47482CD2C0A60097B8E7 /* Project object */;
			proxyType = 1;
			remoteGlobalIDString = 87E23E562CE013BF006D993F;
			remoteInfo = "Kardasti Persian Radio";
		};
/* End PBXContainerItemProxy section */

/* Begin PBXCopyFilesBuildPhase section */
		87813C522CDC2C81001F2C01 /* Embed Watch Content */ = {
			isa = PBXCopyFilesBuildPhase;
			buildActionMask = 2147483647;
			dstPath = "$(CONTENTS_FOLDER_PATH)/Watch";
			dstSubfolderSpec = 16;
			files = (
				87813C4E2CDC2C81001F2C01 /* Kardasti Radio App Watch Watch App.app in Embed Watch Content */,
			);
			name = "Embed Watch Content";
			runOnlyForDeploymentPostprocessing = 0;
		};
/* End PBXCopyFilesBuildPhase section */

/* Begin PBXFileReference section */
		87813C2B2CDC2C7F001F2C01 /* Kardasti Radio App Watch Watch App.app */ = {isa = PBXFileReference; explicitFileType = wrapper.application; includeInIndex = 0; path = "Kardasti Radio App Watch Watch App.app"; sourceTree = BUILT_PRODUCTS_DIR; };
		87813C3A2CDC2C81001F2C01 /* Kardasti Radio App Watch Watch AppTests.xctest */ = {isa = PBXFileReference; explicitFileType = wrapper.cfbundle; includeInIndex = 0; path = "Kardasti Radio App Watch Watch AppTests.xctest"; sourceTree = BUILT_PRODUCTS_DIR; };
		87813C442CDC2C81001F2C01 /* Kardasti Radio App Watch Watch AppUITests.xctest */ = {isa = PBXFileReference; explicitFileType = wrapper.cfbundle; includeInIndex = 0; path = "Kardasti Radio App Watch Watch AppUITests.xctest"; sourceTree = BUILT_PRODUCTS_DIR; };
		87CD47502CD2C0A60097B8E7 /* Kardasti Radio.app */ = {isa = PBXFileReference; explicitFileType = wrapper.application; includeInIndex = 0; path = "Kardasti Radio.app"; sourceTree = BUILT_PRODUCTS_DIR; };
		87CD47602CD2C0A70097B8E7 /* Kardasti RadioTests.xctest */ = {isa = PBXFileReference; explicitFileType = wrapper.cfbundle; includeInIndex = 0; path = "Kardasti RadioTests.xctest"; sourceTree = BUILT_PRODUCTS_DIR; };
		87CD476A2CD2C0A70097B8E7 /* Kardasti RadioUITests.xctest */ = {isa = PBXFileReference; explicitFileType = wrapper.cfbundle; includeInIndex = 0; path = "Kardasti RadioUITests.xctest"; sourceTree = BUILT_PRODUCTS_DIR; };
		87E23E572CE013BF006D993F /* Kardasti Persian Radio.app */ = {isa = PBXFileReference; explicitFileType = wrapper.application; includeInIndex = 0; path = "Kardasti Persian Radio.app"; sourceTree = BUILT_PRODUCTS_DIR; };
		87E23E662CE013C1006D993F /* Kardasti Persian RadioTests.xctest */ = {isa = PBXFileReference; explicitFileType = wrapper.cfbundle; includeInIndex = 0; path = "Kardasti Persian RadioTests.xctest"; sourceTree = BUILT_PRODUCTS_DIR; };
		87E23E702CE013C1006D993F /* Kardasti Persian RadioUITests.xctest */ = {isa = PBXFileReference; explicitFileType = wrapper.cfbundle; includeInIndex = 0; path = "Kardasti Persian RadioUITests.xctest"; sourceTree = BUILT_PRODUCTS_DIR; };
/* End PBXFileReference section */

/* Begin PBXFileSystemSynchronizedRootGroup section */
		87813C2C2CDC2C7F001F2C01 /* Kardasti Radio App Watch Watch App */ = {
			isa = PBXFileSystemSynchronizedRootGroup;
			path = "Kardasti Radio App Watch Watch App";
			sourceTree = "<group>";
		};
		87813C3D2CDC2C81001F2C01 /* Kardasti Radio App Watch Watch AppTests */ = {
			isa = PBXFileSystemSynchronizedRootGroup;
			path = "Kardasti Radio App Watch Watch AppTests";
			sourceTree = "<group>";
		};
		87813C472CDC2C81001F2C01 /* Kardasti Radio App Watch Watch AppUITests */ = {
			isa = PBXFileSystemSynchronizedRootGroup;
			path = "Kardasti Radio App Watch Watch AppUITests";
			sourceTree = "<group>";
		};
		87CD47522CD2C0A60097B8E7 /* Kardasti Radio */ = {
			isa = PBXFileSystemSynchronizedRootGroup;
			path = "Kardasti Radio";
			sourceTree = "<group>";
		};
		87CD47632CD2C0A70097B8E7 /* Kardasti RadioTests */ = {
			isa = PBXFileSystemSynchronizedRootGroup;
			path = "Kardasti RadioTests";
			sourceTree = "<group>";
		};
		87CD476D2CD2C0A70097B8E7 /* Kardasti RadioUITests */ = {
			isa = PBXFileSystemSynchronizedRootGroup;
			path = "Kardasti RadioUITests";
			sourceTree = "<group>";
		};
		87E23E582CE013BF006D993F /* Kardasti Persian Radio */ = {
			isa = PBXFileSystemSynchronizedRootGroup;
			path = "Kardasti Persian Radio";
			sourceTree = "<group>";
		};
		87E23E692CE013C1006D993F /* Kardasti Persian RadioTests */ = {
			isa = PBXFileSystemSynchronizedRootGroup;
			path = "Kardasti Persian RadioTests";
			sourceTree = "<group>";
		};
		87E23E732CE013C1006D993F /* Kardasti Persian RadioUITests */ = {
			isa = PBXFileSystemSynchronizedRootGroup;
			path = "Kardasti Persian RadioUITests";
			sourceTree = "<group>";
		};
/* End PBXFileSystemSynchronizedRootGroup section */

/* Begin PBXFrameworksBuildPhase section */
		87813C282CDC2C7F001F2C01 /* Frameworks */ = {
			isa = PBXFrameworksBuildPhase;
			buildActionMask = 2147483647;
			files = (
			);
			runOnlyForDeploymentPostprocessing = 0;
		};
		87813C372CDC2C81001F2C01 /* Frameworks */ = {
			isa = PBXFrameworksBuildPhase;
			buildActionMask = 2147483647;
			files = (
			);
			runOnlyForDeploymentPostprocessing = 0;
		};
		87813C412CDC2C81001F2C01 /* Frameworks */ = {
			isa = PBXFrameworksBuildPhase;
			buildActionMask = 2147483647;
			files = (
			);
			runOnlyForDeploymentPostprocessing = 0;
		};
		87CD474D2CD2C0A60097B8E7 /* Frameworks */ = {
			isa = PBXFrameworksBuildPhase;
			buildActionMask = 2147483647;
			files = (
			);
			runOnlyForDeploymentPostprocessing = 0;
		};
		87CD475D2CD2C0A70097B8E7 /* Frameworks */ = {
			isa = PBXFrameworksBuildPhase;
			buildActionMask = 2147483647;
			files = (
			);
			runOnlyForDeploymentPostprocessing = 0;
		};
		87CD47672CD2C0A70097B8E7 /* Frameworks */ = {
			isa = PBXFrameworksBuildPhase;
			buildActionMask = 2147483647;
			files = (
			);
			runOnlyForDeploymentPostprocessing = 0;
		};
		87E23E542CE013BF006D993F /* Frameworks */ = {
			isa = PBXFrameworksBuildPhase;
			buildActionMask = 2147483647;
			files = (
			);
			runOnlyForDeploymentPostprocessing = 0;
		};
		87E23E632CE013C1006D993F /* Frameworks */ = {
			isa = PBXFrameworksBuildPhase;
			buildActionMask = 2147483647;
			files = (
			);
			runOnlyForDeploymentPostprocessing = 0;
		};
		87E23E6D2CE013C1006D993F /* Frameworks */ = {
			isa = PBXFrameworksBuildPhase;
			buildActionMask = 2147483647;
			files = (
			);
			runOnlyForDeploymentPostprocessing = 0;
		};
/* End PBXFrameworksBuildPhase section */

/* Begin PBXGroup section */
		87CD47472CD2C0A60097B8E7 = {
			isa = PBXGroup;
			children = (
				87CD47522CD2C0A60097B8E7 /* Kardasti Radio */,
				87CD47632CD2C0A70097B8E7 /* Kardasti RadioTests */,
				87CD476D2CD2C0A70097B8E7 /* Kardasti RadioUITests */,
				87813C2C2CDC2C7F001F2C01 /* Kardasti Radio App Watch Watch App */,
				87813C3D2CDC2C81001F2C01 /* Kardasti Radio App Watch Watch AppTests */,
				87813C472CDC2C81001F2C01 /* Kardasti Radio App Watch Watch AppUITests */,
				87E23E582CE013BF006D993F /* Kardasti Persian Radio */,
				87E23E692CE013C1006D993F /* Kardasti Persian RadioTests */,
				87E23E732CE013C1006D993F /* Kardasti Persian RadioUITests */,
				87CD47512CD2C0A60097B8E7 /* Products */,
			);
			sourceTree = "<group>";
		};
		87CD47512CD2C0A60097B8E7 /* Products */ = {
			isa = PBXGroup;
			children = (
				87CD47502CD2C0A60097B8E7 /* Kardasti Radio.app */,
				87CD47602CD2C0A70097B8E7 /* Kardasti RadioTests.xctest */,
				87CD476A2CD2C0A70097B8E7 /* Kardasti RadioUITests.xctest */,
				87813C2B2CDC2C7F001F2C01 /* Kardasti Radio App Watch Watch App.app */,
				87813C3A2CDC2C81001F2C01 /* Kardasti Radio App Watch Watch AppTests.xctest */,
				87813C442CDC2C81001F2C01 /* Kardasti Radio App Watch Watch AppUITests.xctest */,
				87E23E572CE013BF006D993F /* Kardasti Persian Radio.app */,
				87E23E662CE013C1006D993F /* Kardasti Persian RadioTests.xctest */,
				87E23E702CE013C1006D993F /* Kardasti Persian RadioUITests.xctest */,
			);
			name = Products;
			sourceTree = "<group>";
		};
/* End PBXGroup section */

/* Begin PBXNativeTarget section */
		87813C2A2CDC2C7F001F2C01 /* Kardasti Radio App Watch Watch App */ = {
			isa = PBXNativeTarget;
			buildConfigurationList = 87813C4F2CDC2C81001F2C01 /* Build configuration list for PBXNativeTarget "Kardasti Radio App Watch Watch App" */;
			buildPhases = (
				87813C272CDC2C7F001F2C01 /* Sources */,
				87813C282CDC2C7F001F2C01 /* Frameworks */,
				87813C292CDC2C7F001F2C01 /* Resources */,
			);
			buildRules = (
			);
			dependencies = (
			);
			fileSystemSynchronizedGroups = (
				87813C2C2CDC2C7F001F2C01 /* Kardasti Radio App Watch Watch App */,
			);
			name = "Kardasti Radio App Watch Watch App";
			packageProductDependencies = (
			);
			productName = "Kardasti Radio App Watch Watch App";
			productReference = 87813C2B2CDC2C7F001F2C01 /* Kardasti Radio App Watch Watch App.app */;
			productType = "com.apple.product-type.application";
		};
		87813C392CDC2C81001F2C01 /* Kardasti Radio App Watch Watch AppTests */ = {
			isa = PBXNativeTarget;
			buildConfigurationList = 87813C532CDC2C81001F2C01 /* Build configuration list for PBXNativeTarget "Kardasti Radio App Watch Watch AppTests" */;
			buildPhases = (
				87813C362CDC2C81001F2C01 /* Sources */,
				87813C372CDC2C81001F2C01 /* Frameworks */,
				87813C382CDC2C81001F2C01 /* Resources */,
			);
			buildRules = (
			);
			dependencies = (
				87813C3C2CDC2C81001F2C01 /* PBXTargetDependency */,
			);
			fileSystemSynchronizedGroups = (
				87813C3D2CDC2C81001F2C01 /* Kardasti Radio App Watch Watch AppTests */,
			);
			name = "Kardasti Radio App Watch Watch AppTests";
			packageProductDependencies = (
			);
			productName = "Kardasti Radio App Watch Watch AppTests";
			productReference = 87813C3A2CDC2C81001F2C01 /* Kardasti Radio App Watch Watch AppTests.xctest */;
			productType = "com.apple.product-type.bundle.unit-test";
		};
		87813C432CDC2C81001F2C01 /* Kardasti Radio App Watch Watch AppUITests */ = {
			isa = PBXNativeTarget;
			buildConfigurationList = 87813C562CDC2C81001F2C01 /* Build configuration list for PBXNativeTarget "Kardasti Radio App Watch Watch AppUITests" */;
			buildPhases = (
				87813C402CDC2C81001F2C01 /* Sources */,
				87813C412CDC2C81001F2C01 /* Frameworks */,
				87813C422CDC2C81001F2C01 /* Resources */,
			);
			buildRules = (
			);
			dependencies = (
				87813C462CDC2C81001F2C01 /* PBXTargetDependency */,
			);
			fileSystemSynchronizedGroups = (
				87813C472CDC2C81001F2C01 /* Kardasti Radio App Watch Watch AppUITests */,
			);
			name = "Kardasti Radio App Watch Watch AppUITests";
			packageProductDependencies = (
			);
			productName = "Kardasti Radio App Watch Watch AppUITests";
			productReference = 87813C442CDC2C81001F2C01 /* Kardasti Radio App Watch Watch AppUITests.xctest */;
			productType = "com.apple.product-type.bundle.ui-testing";
		};
		87CD474F2CD2C0A60097B8E7 /* Kardasti Radio */ = {
			isa = PBXNativeTarget;
			buildConfigurationList = 87CD47742CD2C0A70097B8E7 /* Build configuration list for PBXNativeTarget "Kardasti Radio" */;
			buildPhases = (
				87CD474C2CD2C0A60097B8E7 /* Sources */,
				87CD474D2CD2C0A60097B8E7 /* Frameworks */,
				87CD474E2CD2C0A60097B8E7 /* Resources */,
				87813C522CDC2C81001F2C01 /* Embed Watch Content */,
			);
			buildRules = (
			);
			dependencies = (
				87813C4D2CDC2C81001F2C01 /* PBXTargetDependency */,
			);
			fileSystemSynchronizedGroups = (
				87CD47522CD2C0A60097B8E7 /* Kardasti Radio */,
			);
			name = "Kardasti Radio";
			packageProductDependencies = (
			);
			productName = "Kardasti Radio";
			productReference = 87CD47502CD2C0A60097B8E7 /* Kardasti Radio.app */;
			productType = "com.apple.product-type.application";
		};
		87CD475F2CD2C0A70097B8E7 /* Kardasti RadioTests */ = {
			isa = PBXNativeTarget;
			buildConfigurationList = 87CD47772CD2C0A70097B8E7 /* Build configuration list for PBXNativeTarget "Kardasti RadioTests" */;
			buildPhases = (
				87CD475C2CD2C0A70097B8E7 /* Sources */,
				87CD475D2CD2C0A70097B8E7 /* Frameworks */,
				87CD475E2CD2C0A70097B8E7 /* Resources */,
			);
			buildRules = (
			);
			dependencies = (
				87CD47622CD2C0A70097B8E7 /* PBXTargetDependency */,
			);
			fileSystemSynchronizedGroups = (
				87CD47632CD2C0A70097B8E7 /* Kardasti RadioTests */,
			);
			name = "Kardasti RadioTests";
			packageProductDependencies = (
			);
			productName = "Kardasti RadioTests";
			productReference = 87CD47602CD2C0A70097B8E7 /* Kardasti RadioTests.xctest */;
			productType = "com.apple.product-type.bundle.unit-test";
		};
		87CD47692CD2C0A70097B8E7 /* Kardasti RadioUITests */ = {
			isa = PBXNativeTarget;
			buildConfigurationList = 87CD477A2CD2C0A70097B8E7 /* Build configuration list for PBXNativeTarget "Kardasti RadioUITests" */;
			buildPhases = (
				87CD47662CD2C0A70097B8E7 /* Sources */,
				87CD47672CD2C0A70097B8E7 /* Frameworks */,
				87CD47682CD2C0A70097B8E7 /* Resources */,
			);
			buildRules = (
			);
			dependencies = (
				87CD476C2CD2C0A70097B8E7 /* PBXTargetDependency */,
			);
			fileSystemSynchronizedGroups = (
				87CD476D2CD2C0A70097B8E7 /* Kardasti RadioUITests */,
			);
			name = "Kardasti RadioUITests";
			packageProductDependencies = (
			);
			productName = "Kardasti RadioUITests";
			productReference = 87CD476A2CD2C0A70097B8E7 /* Kardasti RadioUITests.xctest */;
			productType = "com.apple.product-type.bundle.ui-testing";
		};
		87E23E562CE013BF006D993F /* Kardasti Persian Radio */ = {
			isa = PBXNativeTarget;
			buildConfigurationList = 87E23E782CE013C1006D993F /* Build configuration list for PBXNativeTarget "Kardasti Persian Radio" */;
			buildPhases = (
				87E23E532CE013BF006D993F /* Sources */,
				87E23E542CE013BF006D993F /* Frameworks */,
				87E23E552CE013BF006D993F /* Resources */,
			);
			buildRules = (
			);
			dependencies = (
			);
			fileSystemSynchronizedGroups = (
				87E23E582CE013BF006D993F /* Kardasti Persian Radio */,
			);
			name = "Kardasti Persian Radio";
			packageProductDependencies = (
			);
			productName = "Kardasti Persian Radio";
			productReference = 87E23E572CE013BF006D993F /* Kardasti Persian Radio.app */;
			productType = "com.apple.product-type.application";
		};
		87E23E652CE013C1006D993F /* Kardasti Persian RadioTests */ = {
			isa = PBXNativeTarget;
			buildConfigurationList = 87E23E7B2CE013C1006D993F /* Build configuration list for PBXNativeTarget "Kardasti Persian RadioTests" */;
			buildPhases = (
				87E23E622CE013C1006D993F /* Sources */,
				87E23E632CE013C1006D993F /* Frameworks */,
				87E23E642CE013C1006D993F /* Resources */,
			);
			buildRules = (
			);
			dependencies = (
				87E23E682CE013C1006D993F /* PBXTargetDependency */,
			);
			fileSystemSynchronizedGroups = (
				87E23E692CE013C1006D993F /* Kardasti Persian RadioTests */,
			);
			name = "Kardasti Persian RadioTests";
			packageProductDependencies = (
			);
			productName = "Kardasti Persian RadioTests";
			productReference = 87E23E662CE013C1006D993F /* Kardasti Persian RadioTests.xctest */;
			productType = "com.apple.product-type.bundle.unit-test";
		};
		87E23E6F2CE013C1006D993F /* Kardasti Persian RadioUITests */ = {
			isa = PBXNativeTarget;
			buildConfigurationList = 87E23E7E2CE013C1006D993F /* Build configuration list for PBXNativeTarget "Kardasti Persian RadioUITests" */;
			buildPhases = (
				87E23E6C2CE013C1006D993F /* Sources */,
				87E23E6D2CE013C1006D993F /* Frameworks */,
				87E23E6E2CE013C1006D993F /* Resources */,
			);
			buildRules = (
			);
			dependencies = (
				87E23E722CE013C1006D993F /* PBXTargetDependency */,
			);
			fileSystemSynchronizedGroups = (
				87E23E732CE013C1006D993F /* Kardasti Persian RadioUITests */,
			);
			name = "Kardasti Persian RadioUITests";
			packageProductDependencies = (
			);
			productName = "Kardasti Persian RadioUITests";
			productReference = 87E23E702CE013C1006D993F /* Kardasti Persian RadioUITests.xctest */;
			productType = "com.apple.product-type.bundle.ui-testing";
		};
/* End PBXNativeTarget section */

/* Begin PBXProject section */
		87CD47482CD2C0A60097B8E7 /* Project object */ = {
			isa = PBXProject;
			attributes = {
				BuildIndependentTargetsInParallel = 1;
				LastSwiftUpdateCheck = 1610;
				LastUpgradeCheck = 1610;
				TargetAttributes = {
					87813C2A2CDC2C7F001F2C01 = {
						CreatedOnToolsVersion = 16.1;
					};
					87813C392CDC2C81001F2C01 = {
						CreatedOnToolsVersion = 16.1;
						TestTargetID = 87813C2A2CDC2C7F001F2C01;
					};
					87813C432CDC2C81001F2C01 = {
						CreatedOnToolsVersion = 16.1;
						TestTargetID = 87813C2A2CDC2C7F001F2C01;
					};
					87CD474F2CD2C0A60097B8E7 = {
						CreatedOnToolsVersion = 16.1;
					};
					87CD475F2CD2C0A70097B8E7 = {
						CreatedOnToolsVersion = 16.1;
						TestTargetID = 87CD474F2CD2C0A60097B8E7;
					};
					87CD47692CD2C0A70097B8E7 = {
						CreatedOnToolsVersion = 16.1;
						TestTargetID = 87CD474F2CD2C0A60097B8E7;
					};
					87E23E562CE013BF006D993F = {
						CreatedOnToolsVersion = 16.1;
					};
					87E23E652CE013C1006D993F = {
						CreatedOnToolsVersion = 16.1;
						TestTargetID = 87E23E562CE013BF006D993F;
					};
					87E23E6F2CE013C1006D993F = {
						CreatedOnToolsVersion = 16.1;
						TestTargetID = 87E23E562CE013BF006D993F;
					};
				};
			};
			buildConfigurationList = 87CD474B2CD2C0A60097B8E7 /* Build configuration list for PBXProject "Kardasti Radio" */;
			developmentRegion = en;
			hasScannedForEncodings = 0;
			knownRegions = (
				en,
				Base,
				de,
				fa,
			);
			mainGroup = 87CD47472CD2C0A60097B8E7;
			minimizedProjectReferenceProxies = 1;
			preferredProjectObjectVersion = 77;
			productRefGroup = 87CD47512CD2C0A60097B8E7 /* Products */;
			projectDirPath = "";
			projectRoot = "";
			targets = (
				87CD474F2CD2C0A60097B8E7 /* Kardasti Radio */,
				87CD475F2CD2C0A70097B8E7 /* Kardasti RadioTests */,
				87CD47692CD2C0A70097B8E7 /* Kardasti RadioUITests */,
				87813C2A2CDC2C7F001F2C01 /* Kardasti Radio App Watch Watch App */,
				87813C392CDC2C81001F2C01 /* Kardasti Radio App Watch Watch AppTests */,
				87813C432CDC2C81001F2C01 /* Kardasti Radio App Watch Watch AppUITests */,
				87E23E562CE013BF006D993F /* Kardasti Persian Radio */,
				87E23E652CE013C1006D993F /* Kardasti Persian RadioTests */,
				87E23E6F2CE013C1006D993F /* Kardasti Persian RadioUITests */,
			);
		};
/* End PBXProject section */

/* Begin PBXResourcesBuildPhase section */
		87813C292CDC2C7F001F2C01 /* Resources */ = {
			isa = PBXResourcesBuildPhase;
			buildActionMask = 2147483647;
			files = (
			);
			runOnlyForDeploymentPostprocessing = 0;
		};
		87813C382CDC2C81001F2C01 /* Resources */ = {
			isa = PBXResourcesBuildPhase;
			buildActionMask = 2147483647;
			files = (
			);
			runOnlyForDeploymentPostprocessing = 0;
		};
		87813C422CDC2C81001F2C01 /* Resources */ = {
			isa = PBXResourcesBuildPhase;
			buildActionMask = 2147483647;
			files = (
			);
			runOnlyForDeploymentPostprocessing = 0;
		};
		87CD474E2CD2C0A60097B8E7 /* Resources */ = {
			isa = PBXResourcesBuildPhase;
			buildActionMask = 2147483647;
			files = (
			);
			runOnlyForDeploymentPostprocessing = 0;
		};
		87CD475E2CD2C0A70097B8E7 /* Resources */ = {
			isa = PBXResourcesBuildPhase;
			buildActionMask = 2147483647;
			files = (
			);
			runOnlyForDeploymentPostprocessing = 0;
		};
		87CD47682CD2C0A70097B8E7 /* Resources */ = {
			isa = PBXResourcesBuildPhase;
			buildActionMask = 2147483647;
			files = (
			);
			runOnlyForDeploymentPostprocessing = 0;
		};
		87E23E552CE013BF006D993F /* Resources */ = {
			isa = PBXResourcesBuildPhase;
			buildActionMask = 2147483647;
			files = (
			);
			runOnlyForDeploymentPostprocessing = 0;
		};
		87E23E642CE013C1006D993F /* Resources */ = {
			isa = PBXResourcesBuildPhase;
			buildActionMask = 2147483647;
			files = (
			);
			runOnlyForDeploymentPostprocessing = 0;
		};
		87E23E6E2CE013C1006D993F /* Resources */ = {
			isa = PBXResourcesBuildPhase;
			buildActionMask = 2147483647;
			files = (
			);
			runOnlyForDeploymentPostprocessing = 0;
		};
/* End PBXResourcesBuildPhase section */

/* Begin PBXSourcesBuildPhase section */
		87813C272CDC2C7F001F2C01 /* Sources */ = {
			isa = PBXSourcesBuildPhase;
			buildActionMask = 2147483647;
			files = (
			);
			runOnlyForDeploymentPostprocessing = 0;
		};
		87813C362CDC2C81001F2C01 /* Sources */ = {
			isa = PBXSourcesBuildPhase;
			buildActionMask = 2147483647;
			files = (
			);
			runOnlyForDeploymentPostprocessing = 0;
		};
		87813C402CDC2C81001F2C01 /* Sources */ = {
			isa = PBXSourcesBuildPhase;
			buildActionMask = 2147483647;
			files = (
			);
			runOnlyForDeploymentPostprocessing = 0;
		};
		87CD474C2CD2C0A60097B8E7 /* Sources */ = {
			isa = PBXSourcesBuildPhase;
			buildActionMask = 2147483647;
			files = (
			);
			runOnlyForDeploymentPostprocessing = 0;
		};
		87CD475C2CD2C0A70097B8E7 /* Sources */ = {
			isa = PBXSourcesBuildPhase;
			buildActionMask = 2147483647;
			files = (
			);
			runOnlyForDeploymentPostprocessing = 0;
		};
		87CD47662CD2C0A70097B8E7 /* Sources */ = {
			isa = PBXSourcesBuildPhase;
			buildActionMask = 2147483647;
			files = (
			);
			runOnlyForDeploymentPostprocessing = 0;
		};
		87E23E532CE013BF006D993F /* Sources */ = {
			isa = PBXSourcesBuildPhase;
			buildActionMask = 2147483647;
			files = (
			);
			runOnlyForDeploymentPostprocessing = 0;
		};
		87E23E622CE013C1006D993F /* Sources */ = {
			isa = PBXSourcesBuildPhase;
			buildActionMask = 2147483647;
			files = (
			);
			runOnlyForDeploymentPostprocessing = 0;
		};
		87E23E6C2CE013C1006D993F /* Sources */ = {
			isa = PBXSourcesBuildPhase;
			buildActionMask = 2147483647;
			files = (
			);
			runOnlyForDeploymentPostprocessing = 0;
		};
/* End PBXSourcesBuildPhase section */

/* Begin PBXTargetDependency section */
		87813C3C2CDC2C81001F2C01 /* PBXTargetDependency */ = {
			isa = PBXTargetDependency;
			target = 87813C2A2CDC2C7F001F2C01 /* Kardasti Radio App Watch Watch App */;
			targetProxy = 87813C3B2CDC2C81001F2C01 /* PBXContainerItemProxy */;
		};
		87813C462CDC2C81001F2C01 /* PBXTargetDependency */ = {
			isa = PBXTargetDependency;
			target = 87813C2A2CDC2C7F001F2C01 /* Kardasti Radio App Watch Watch App */;
			targetProxy = 87813C452CDC2C81001F2C01 /* PBXContainerItemProxy */;
		};
		87813C4D2CDC2C81001F2C01 /* PBXTargetDependency */ = {
			isa = PBXTargetDependency;
			target = 87813C2A2CDC2C7F001F2C01 /* Kardasti Radio App Watch Watch App */;
			targetProxy = 87813C4C2CDC2C81001F2C01 /* PBXContainerItemProxy */;
		};
		87CD47622CD2C0A70097B8E7 /* PBXTargetDependency */ = {
			isa = PBXTargetDependency;
			target = 87CD474F2CD2C0A60097B8E7 /* Kardasti Radio */;
			targetProxy = 87CD47612CD2C0A70097B8E7 /* PBXContainerItemProxy */;
		};
		87CD476C2CD2C0A70097B8E7 /* PBXTargetDependency */ = {
			isa = PBXTargetDependency;
			target = 87CD474F2CD2C0A60097B8E7 /* Kardasti Radio */;
			targetProxy = 87CD476B2CD2C0A70097B8E7 /* PBXContainerItemProxy */;
		};
		87E23E682CE013C1006D993F /* PBXTargetDependency */ = {
			isa = PBXTargetDependency;
			target = 87E23E562CE013BF006D993F /* Kardasti Persian Radio */;
			targetProxy = 87E23E672CE013C1006D993F /* PBXContainerItemProxy */;
		};
		87E23E722CE013C1006D993F /* PBXTargetDependency */ = {
			isa = PBXTargetDependency;
			target = 87E23E562CE013BF006D993F /* Kardasti Persian Radio */;
			targetProxy = 87E23E712CE013C1006D993F /* PBXContainerItemProxy */;
		};
/* End PBXTargetDependency section */

/* Begin XCBuildConfiguration section */
		87813C502CDC2C81001F2C01 /* Debug */ = {
			isa = XCBuildConfiguration;
			buildSettings = {
				ASSETCATALOG_COMPILER_APPICON_NAME = AppIcon;
				ASSETCATALOG_COMPILER_GLOBAL_ACCENT_COLOR_NAME = AccentColor;
				CODE_SIGN_IDENTITY = "Apple Development";
				CODE_SIGN_STYLE = Automatic;
				CURRENT_PROJECT_VERSION = 1;
				DEVELOPMENT_ASSET_PATHS = "\"Kardasti Radio App Watch Watch App/Preview Content\"";
				DEVELOPMENT_TEAM = 6C4ECCJSS9;
				ENABLE_PREVIEWS = YES;
				GENERATE_INFOPLIST_FILE = YES;
				INFOPLIST_KEY_CFBundleDisplayName = "Kardasti Radio App Watch";
				INFOPLIST_KEY_LSApplicationCategoryType = "public.app-category.entertainment";
				INFOPLIST_KEY_UISupportedInterfaceOrientations = "UIInterfaceOrientationPortrait UIInterfaceOrientationPortraitUpsideDown";
				INFOPLIST_KEY_WKCompanionAppBundleIdentifier = "Kardasti24.Kardasti-Radio";
				INFOPLIST_KEY_WKRunsIndependentlyOfCompanionApp = YES;
				LD_RUNPATH_SEARCH_PATHS = (
					"$(inherited)",
					"@executable_path/Frameworks",
				);
				MARKETING_VERSION = 1.0;
				PRODUCT_BUNDLE_IDENTIFIER = "Kardasti24.Kardasti-Radio.watchkitapp";
				PRODUCT_NAME = "$(TARGET_NAME)";
				SDKROOT = watchos;
				SKIP_INSTALL = YES;
				SWIFT_EMIT_LOC_STRINGS = YES;
				SWIFT_VERSION = 5.0;
				TARGETED_DEVICE_FAMILY = 4;
				WATCHOS_DEPLOYMENT_TARGET = 8.7;
			};
			name = Debug;
		};
		87813C512CDC2C81001F2C01 /* Release */ = {
			isa = XCBuildConfiguration;
			buildSettings = {
				ASSETCATALOG_COMPILER_APPICON_NAME = AppIcon;
				ASSETCATALOG_COMPILER_GLOBAL_ACCENT_COLOR_NAME = AccentColor;
				CODE_SIGN_IDENTITY = "Apple Development";
				CODE_SIGN_STYLE = Automatic;
				CURRENT_PROJECT_VERSION = 1;
				DEVELOPMENT_ASSET_PATHS = "\"Kardasti Radio App Watch Watch App/Preview Content\"";
				DEVELOPMENT_TEAM = 6C4ECCJSS9;
				ENABLE_PREVIEWS = YES;
				GENERATE_INFOPLIST_FILE = YES;
				INFOPLIST_KEY_CFBundleDisplayName = "Kardasti Radio App Watch";
				INFOPLIST_KEY_LSApplicationCategoryType = "public.app-category.entertainment";
				INFOPLIST_KEY_UISupportedInterfaceOrientations = "UIInterfaceOrientationPortrait UIInterfaceOrientationPortraitUpsideDown";
				INFOPLIST_KEY_WKCompanionAppBundleIdentifier = "Kardasti24.Kardasti-Radio";
				INFOPLIST_KEY_WKRunsIndependentlyOfCompanionApp = YES;
				LD_RUNPATH_SEARCH_PATHS = (
					"$(inherited)",
					"@executable_path/Frameworks",
				);
				MARKETING_VERSION = 1.0;
				PRODUCT_BUNDLE_IDENTIFIER = "Kardasti24.Kardasti-Radio.watchkitapp";
				PRODUCT_NAME = "$(TARGET_NAME)";
				SDKROOT = watchos;
				SKIP_INSTALL = YES;
				SWIFT_EMIT_LOC_STRINGS = YES;
				SWIFT_VERSION = 5.0;
				TARGETED_DEVICE_FAMILY = 4;
				WATCHOS_DEPLOYMENT_TARGET = 8.7;
			};
			name = Release;
		};
		87813C542CDC2C81001F2C01 /* Debug */ = {
			isa = XCBuildConfiguration;
			buildSettings = {
				BUNDLE_LOADER = "$(TEST_HOST)";
				CODE_SIGN_STYLE = Automatic;
				CURRENT_PROJECT_VERSION = 1;
				DEVELOPMENT_TEAM = 6C4ECCJSS9;
				GENERATE_INFOPLIST_FILE = YES;
				MARKETING_VERSION = 1.0;
				PRODUCT_BUNDLE_IDENTIFIER = "Kardasti24.Kardasti-watch.Kardasti-Radio-App-Watch-Watch-AppTests";
				PRODUCT_NAME = "$(TARGET_NAME)";
				SDKROOT = watchos;
				SWIFT_EMIT_LOC_STRINGS = NO;
				SWIFT_VERSION = 5.0;
				TARGETED_DEVICE_FAMILY = 4;
				TEST_HOST = "$(BUILT_PRODUCTS_DIR)/Kardasti Radio App Watch Watch App.app/$(BUNDLE_EXECUTABLE_FOLDER_PATH)/Kardasti Radio App Watch Watch App";
				WATCHOS_DEPLOYMENT_TARGET = 11.1;
			};
			name = Debug;
		};
		87813C552CDC2C81001F2C01 /* Release */ = {
			isa = XCBuildConfiguration;
			buildSettings = {
				BUNDLE_LOADER = "$(TEST_HOST)";
				CODE_SIGN_STYLE = Automatic;
				CURRENT_PROJECT_VERSION = 1;
				DEVELOPMENT_TEAM = 6C4ECCJSS9;
				GENERATE_INFOPLIST_FILE = YES;
				MARKETING_VERSION = 1.0;
				PRODUCT_BUNDLE_IDENTIFIER = "Kardasti24.Kardasti-watch.Kardasti-Radio-App-Watch-Watch-AppTests";
				PRODUCT_NAME = "$(TARGET_NAME)";
				SDKROOT = watchos;
				SWIFT_EMIT_LOC_STRINGS = NO;
				SWIFT_VERSION = 5.0;
				TARGETED_DEVICE_FAMILY = 4;
				TEST_HOST = "$(BUILT_PRODUCTS_DIR)/Kardasti Radio App Watch Watch App.app/$(BUNDLE_EXECUTABLE_FOLDER_PATH)/Kardasti Radio App Watch Watch App";
				WATCHOS_DEPLOYMENT_TARGET = 11.1;
			};
			name = Release;
		};
		87813C572CDC2C81001F2C01 /* Debug */ = {
			isa = XCBuildConfiguration;
			buildSettings = {
				CODE_SIGN_STYLE = Automatic;
				CURRENT_PROJECT_VERSION = 1;
				DEVELOPMENT_TEAM = 6C4ECCJSS9;
				GENERATE_INFOPLIST_FILE = YES;
				MARKETING_VERSION = 1.0;
				PRODUCT_BUNDLE_IDENTIFIER = "Kardasti24.Kardasti-watch.Kardasti-Radio-App-Watch-Watch-AppUITests";
				PRODUCT_NAME = "$(TARGET_NAME)";
				SDKROOT = watchos;
				SWIFT_EMIT_LOC_STRINGS = NO;
				SWIFT_VERSION = 5.0;
				TARGETED_DEVICE_FAMILY = 4;
				TEST_TARGET_NAME = "Kardasti Radio App Watch Watch App";
				WATCHOS_DEPLOYMENT_TARGET = 11.1;
			};
			name = Debug;
		};
		87813C582CDC2C81001F2C01 /* Release */ = {
			isa = XCBuildConfiguration;
			buildSettings = {
				CODE_SIGN_STYLE = Automatic;
				CURRENT_PROJECT_VERSION = 1;
				DEVELOPMENT_TEAM = 6C4ECCJSS9;
				GENERATE_INFOPLIST_FILE = YES;
				MARKETING_VERSION = 1.0;
				PRODUCT_BUNDLE_IDENTIFIER = "Kardasti24.Kardasti-watch.Kardasti-Radio-App-Watch-Watch-AppUITests";
				PRODUCT_NAME = "$(TARGET_NAME)";
				SDKROOT = watchos;
				SWIFT_EMIT_LOC_STRINGS = NO;
				SWIFT_VERSION = 5.0;
				TARGETED_DEVICE_FAMILY = 4;
				TEST_TARGET_NAME = "Kardasti Radio App Watch Watch App";
				WATCHOS_DEPLOYMENT_TARGET = 11.1;
			};
			name = Release;
		};
		87CD47722CD2C0A70097B8E7 /* Debug */ = {
			isa = XCBuildConfiguration;
			buildSettings = {
				ALWAYS_SEARCH_USER_PATHS = NO;
				ASSETCATALOG_COMPILER_GENERATE_SWIFT_ASSET_SYMBOL_EXTENSIONS = YES;
				CLANG_ANALYZER_NONNULL = YES;
				CLANG_ANALYZER_NUMBER_OBJECT_CONVERSION = YES_AGGRESSIVE;
				CLANG_CXX_LANGUAGE_STANDARD = "gnu++20";
				CLANG_ENABLE_MODULES = YES;
				CLANG_ENABLE_OBJC_ARC = YES;
				CLANG_ENABLE_OBJC_WEAK = YES;
				CLANG_WARN_BLOCK_CAPTURE_AUTORELEASING = YES;
				CLANG_WARN_BOOL_CONVERSION = YES;
				CLANG_WARN_COMMA = YES;
				CLANG_WARN_CONSTANT_CONVERSION = YES;
				CLANG_WARN_DEPRECATED_OBJC_IMPLEMENTATIONS = YES;
				CLANG_WARN_DIRECT_OBJC_ISA_USAGE = YES_ERROR;
				CLANG_WARN_DOCUMENTATION_COMMENTS = YES;
				CLANG_WARN_EMPTY_BODY = YES;
				CLANG_WARN_ENUM_CONVERSION = YES;
				CLANG_WARN_INFINITE_RECURSION = YES;
				CLANG_WARN_INT_CONVERSION = YES;
				CLANG_WARN_NON_LITERAL_NULL_CONVERSION = YES;
				CLANG_WARN_OBJC_IMPLICIT_RETAIN_SELF = YES;
				CLANG_WARN_OBJC_LITERAL_CONVERSION = YES;
				CLANG_WARN_OBJC_ROOT_CLASS = YES_ERROR;
				CLANG_WARN_QUOTED_INCLUDE_IN_FRAMEWORK_HEADER = YES;
				CLANG_WARN_RANGE_LOOP_ANALYSIS = YES;
				CLANG_WARN_STRICT_PROTOTYPES = YES;
				CLANG_WARN_SUSPICIOUS_MOVE = YES;
				CLANG_WARN_UNGUARDED_AVAILABILITY = YES_AGGRESSIVE;
				CLANG_WARN_UNREACHABLE_CODE = YES;
				CLANG_WARN__DUPLICATE_METHOD_MATCH = YES;
				COPY_PHASE_STRIP = NO;
				DEBUG_INFORMATION_FORMAT = dwarf;
				ENABLE_STRICT_OBJC_MSGSEND = YES;
				ENABLE_TESTABILITY = YES;
				ENABLE_USER_SCRIPT_SANDBOXING = YES;
				GCC_C_LANGUAGE_STANDARD = gnu17;
				GCC_DYNAMIC_NO_PIC = NO;
				GCC_NO_COMMON_BLOCKS = YES;
				GCC_OPTIMIZATION_LEVEL = 0;
				GCC_PREPROCESSOR_DEFINITIONS = (
					"DEBUG=1",
					"$(inherited)",
				);
				GCC_WARN_64_TO_32_BIT_CONVERSION = YES;
				GCC_WARN_ABOUT_RETURN_TYPE = YES_ERROR;
				GCC_WARN_UNDECLARED_SELECTOR = YES;
				GCC_WARN_UNINITIALIZED_AUTOS = YES_AGGRESSIVE;
				GCC_WARN_UNUSED_FUNCTION = YES;
				GCC_WARN_UNUSED_VARIABLE = YES;
				IPHONEOS_DEPLOYMENT_TARGET = 18.1;
				LOCALIZATION_PREFERS_STRING_CATALOGS = YES;
				MTL_ENABLE_DEBUG_INFO = INCLUDE_SOURCE;
				MTL_FAST_MATH = YES;
				ONLY_ACTIVE_ARCH = YES;
				SDKROOT = iphoneos;
				SWIFT_ACTIVE_COMPILATION_CONDITIONS = "DEBUG $(inherited)";
				SWIFT_OPTIMIZATION_LEVEL = "-Onone";
			};
			name = Debug;
		};
		87CD47732CD2C0A70097B8E7 /* Release */ = {
			isa = XCBuildConfiguration;
			buildSettings = {
				ALWAYS_SEARCH_USER_PATHS = NO;
				ASSETCATALOG_COMPILER_GENERATE_SWIFT_ASSET_SYMBOL_EXTENSIONS = YES;
				CLANG_ANALYZER_NONNULL = YES;
				CLANG_ANALYZER_NUMBER_OBJECT_CONVERSION = YES_AGGRESSIVE;
				CLANG_CXX_LANGUAGE_STANDARD = "gnu++20";
				CLANG_ENABLE_MODULES = YES;
				CLANG_ENABLE_OBJC_ARC = YES;
				CLANG_ENABLE_OBJC_WEAK = YES;
				CLANG_WARN_BLOCK_CAPTURE_AUTORELEASING = YES;
				CLANG_WARN_BOOL_CONVERSION = YES;
				CLANG_WARN_COMMA = YES;
				CLANG_WARN_CONSTANT_CONVERSION = YES;
				CLANG_WARN_DEPRECATED_OBJC_IMPLEMENTATIONS = YES;
				CLANG_WARN_DIRECT_OBJC_ISA_USAGE = YES_ERROR;
				CLANG_WARN_DOCUMENTATION_COMMENTS = YES;
				CLANG_WARN_EMPTY_BODY = YES;
				CLANG_WARN_ENUM_CONVERSION = YES;
				CLANG_WARN_INFINITE_RECURSION = YES;
				CLANG_WARN_INT_CONVERSION = YES;
				CLANG_WARN_NON_LITERAL_NULL_CONVERSION = YES;
				CLANG_WARN_OBJC_IMPLICIT_RETAIN_SELF = YES;
				CLANG_WARN_OBJC_LITERAL_CONVERSION = YES;
				CLANG_WARN_OBJC_ROOT_CLASS = YES_ERROR;
				CLANG_WARN_QUOTED_INCLUDE_IN_FRAMEWORK_HEADER = YES;
				CLANG_WARN_RANGE_LOOP_ANALYSIS = YES;
				CLANG_WARN_STRICT_PROTOTYPES = YES;
				CLANG_WARN_SUSPICIOUS_MOVE = YES;
				CLANG_WARN_UNGUARDED_AVAILABILITY = YES_AGGRESSIVE;
				CLANG_WARN_UNREACHABLE_CODE = YES;
				CLANG_WARN__DUPLICATE_METHOD_MATCH = YES;
				COPY_PHASE_STRIP = NO;
				DEBUG_INFORMATION_FORMAT = "dwarf-with-dsym";
				ENABLE_NS_ASSERTIONS = NO;
				ENABLE_STRICT_OBJC_MSGSEND = YES;
				ENABLE_USER_SCRIPT_SANDBOXING = YES;
				GCC_C_LANGUAGE_STANDARD = gnu17;
				GCC_NO_COMMON_BLOCKS = YES;
				GCC_WARN_64_TO_32_BIT_CONVERSION = YES;
				GCC_WARN_ABOUT_RETURN_TYPE = YES_ERROR;
				GCC_WARN_UNDECLARED_SELECTOR = YES;
				GCC_WARN_UNINITIALIZED_AUTOS = YES_AGGRESSIVE;
				GCC_WARN_UNUSED_FUNCTION = YES;
				GCC_WARN_UNUSED_VARIABLE = YES;
				IPHONEOS_DEPLOYMENT_TARGET = 18.1;
				LOCALIZATION_PREFERS_STRING_CATALOGS = YES;
				MTL_ENABLE_DEBUG_INFO = NO;
				MTL_FAST_MATH = YES;
				SDKROOT = iphoneos;
				SWIFT_COMPILATION_MODE = wholemodule;
				VALIDATE_PRODUCT = YES;
			};
			name = Release;
		};
		87CD47752CD2C0A70097B8E7 /* Debug */ = {
			isa = XCBuildConfiguration;
			buildSettings = {
				ASSETCATALOG_COMPILER_APPICON_NAME = AppIcon;
				ASSETCATALOG_COMPILER_GLOBAL_ACCENT_COLOR_NAME = AccentColor;
				CODE_SIGN_IDENTITY = "Apple Development";
				CODE_SIGN_STYLE = Automatic;
				CURRENT_PROJECT_VERSION = 4;
				DEVELOPMENT_ASSET_PATHS = "\"Kardasti Radio/Preview Content\"";
				DEVELOPMENT_TEAM = 6C4ECCJSS9;
				ENABLE_PREVIEWS = YES;
				GENERATE_INFOPLIST_FILE = YES;
				INFOPLIST_FILE = "Kardasti-Radio-Info.plist";
				INFOPLIST_KEY_CFBundleDisplayName = "Kardasti Persian Radio";
				INFOPLIST_KEY_LSApplicationCategoryType = "public.app-category.entertainment";
				INFOPLIST_KEY_UIApplicationSceneManifest_Generation = YES;
				INFOPLIST_KEY_UIApplicationSupportsIndirectInputEvents = YES;
				INFOPLIST_KEY_UILaunchScreen_Generation = YES;
				INFOPLIST_KEY_UISupportedInterfaceOrientations_iPad = "UIInterfaceOrientationPortrait UIInterfaceOrientationPortraitUpsideDown UIInterfaceOrientationLandscapeLeft UIInterfaceOrientationLandscapeRight";
				INFOPLIST_KEY_UISupportedInterfaceOrientations_iPhone = "UIInterfaceOrientationPortrait UIInterfaceOrientationLandscapeLeft UIInterfaceOrientationLandscapeRight";
				IPHONEOS_DEPLOYMENT_TARGET = 17.6;
				LD_RUNPATH_SEARCH_PATHS = (
					"$(inherited)",
					"@executable_path/Frameworks",
				);
				MARKETING_VERSION = 1.8;
				PRODUCT_BUNDLE_IDENTIFIER = "Kardasti24.Kardasti-Radio";
				PRODUCT_NAME = "Kardasti Radio";
				PROVISIONING_PROFILE_SPECIFIER = "";
				SWIFT_EMIT_LOC_STRINGS = YES;
				SWIFT_VERSION = 5.0;
				TARGETED_DEVICE_FAMILY = "1,2";
			};
			name = Debug;
		};
		87CD47762CD2C0A70097B8E7 /* Release */ = {
			isa = XCBuildConfiguration;
			buildSettings = {
				ASSETCATALOG_COMPILER_APPICON_NAME = AppIcon;
				ASSETCATALOG_COMPILER_GLOBAL_ACCENT_COLOR_NAME = AccentColor;
				CODE_SIGN_IDENTITY = "Apple Development";
				CODE_SIGN_STYLE = Automatic;
				CURRENT_PROJECT_VERSION = 4;
				DEVELOPMENT_ASSET_PATHS = "\"Kardasti Radio/Preview Content\"";
				DEVELOPMENT_TEAM = 6C4ECCJSS9;
				ENABLE_PREVIEWS = YES;
				GENERATE_INFOPLIST_FILE = YES;
				INFOPLIST_FILE = "Kardasti-Radio-Info.plist";
				INFOPLIST_KEY_CFBundleDisplayName = "Kardasti Persian Radio";
				INFOPLIST_KEY_LSApplicationCategoryType = "public.app-category.entertainment";
				INFOPLIST_KEY_UIApplicationSceneManifest_Generation = YES;
				INFOPLIST_KEY_UIApplicationSupportsIndirectInputEvents = YES;
				INFOPLIST_KEY_UILaunchScreen_Generation = YES;
				INFOPLIST_KEY_UISupportedInterfaceOrientations_iPad = "UIInterfaceOrientationPortrait UIInterfaceOrientationPortraitUpsideDown UIInterfaceOrientationLandscapeLeft UIInterfaceOrientationLandscapeRight";
				INFOPLIST_KEY_UISupportedInterfaceOrientations_iPhone = "UIInterfaceOrientationPortrait UIInterfaceOrientationLandscapeLeft UIInterfaceOrientationLandscapeRight";
				IPHONEOS_DEPLOYMENT_TARGET = 17.6;
				LD_RUNPATH_SEARCH_PATHS = (
					"$(inherited)",
					"@executable_path/Frameworks",
				);
				MARKETING_VERSION = 1.8;
				PRODUCT_BUNDLE_IDENTIFIER = "Kardasti24.Kardasti-Radio";
				PRODUCT_NAME = "Kardasti Radio";
				PROVISIONING_PROFILE_SPECIFIER = "";
				SWIFT_EMIT_LOC_STRINGS = YES;
				SWIFT_VERSION = 5.0;
				TARGETED_DEVICE_FAMILY = "1,2";
			};
			name = Release;
		};
		87CD47782CD2C0A70097B8E7 /* Debug */ = {
			isa = XCBuildConfiguration;
			buildSettings = {
				BUNDLE_LOADER = "$(TEST_HOST)";
				CODE_SIGN_STYLE = Automatic;
				CURRENT_PROJECT_VERSION = 1;
				GENERATE_INFOPLIST_FILE = YES;
				IPHONEOS_DEPLOYMENT_TARGET = 18.1;
				MARKETING_VERSION = 1.0;
				PRODUCT_BUNDLE_IDENTIFIER = "Kardasti24.Kardasti-RadioTests";
				PRODUCT_NAME = "$(TARGET_NAME)";
				SWIFT_EMIT_LOC_STRINGS = NO;
				SWIFT_VERSION = 5.0;
				TARGETED_DEVICE_FAMILY = "1,2";
				TEST_HOST = "$(BUILT_PRODUCTS_DIR)/Kardasti Radio.app/$(BUNDLE_EXECUTABLE_FOLDER_PATH)/Kardasti Radio";
			};
			name = Debug;
		};
		87CD47792CD2C0A70097B8E7 /* Release */ = {
			isa = XCBuildConfiguration;
			buildSettings = {
				BUNDLE_LOADER = "$(TEST_HOST)";
				CODE_SIGN_STYLE = Automatic;
				CURRENT_PROJECT_VERSION = 1;
				GENERATE_INFOPLIST_FILE = YES;
				IPHONEOS_DEPLOYMENT_TARGET = 18.1;
				MARKETING_VERSION = 1.0;
				PRODUCT_BUNDLE_IDENTIFIER = "Kardasti24.Kardasti-RadioTests";
				PRODUCT_NAME = "$(TARGET_NAME)";
				SWIFT_EMIT_LOC_STRINGS = NO;
				SWIFT_VERSION = 5.0;
				TARGETED_DEVICE_FAMILY = "1,2";
				TEST_HOST = "$(BUILT_PRODUCTS_DIR)/Kardasti Radio.app/$(BUNDLE_EXECUTABLE_FOLDER_PATH)/Kardasti Radio";
			};
			name = Release;
		};
		87CD477B2CD2C0A70097B8E7 /* Debug */ = {
			isa = XCBuildConfiguration;
			buildSettings = {
				CODE_SIGN_STYLE = Automatic;
				CURRENT_PROJECT_VERSION = 1;
				GENERATE_INFOPLIST_FILE = YES;
				MARKETING_VERSION = 1.0;
				PRODUCT_BUNDLE_IDENTIFIER = "Kardasti24.Kardasti-RadioUITests";
				PRODUCT_NAME = "$(TARGET_NAME)";
				SWIFT_EMIT_LOC_STRINGS = NO;
				SWIFT_VERSION = 5.0;
				TARGETED_DEVICE_FAMILY = "1,2";
				TEST_TARGET_NAME = "Kardasti Radio";
			};
			name = Debug;
		};
		87CD477C2CD2C0A70097B8E7 /* Release */ = {
			isa = XCBuildConfiguration;
			buildSettings = {
				CODE_SIGN_STYLE = Automatic;
				CURRENT_PROJECT_VERSION = 1;
				GENERATE_INFOPLIST_FILE = YES;
				MARKETING_VERSION = 1.0;
				PRODUCT_BUNDLE_IDENTIFIER = "Kardasti24.Kardasti-RadioUITests";
				PRODUCT_NAME = "$(TARGET_NAME)";
				SWIFT_EMIT_LOC_STRINGS = NO;
				SWIFT_VERSION = 5.0;
				TARGETED_DEVICE_FAMILY = "1,2";
				TEST_TARGET_NAME = "Kardasti Radio";
			};
			name = Release;
		};
		87E23E792CE013C1006D993F /* Debug */ = {
			isa = XCBuildConfiguration;
			buildSettings = {
				ASSETCATALOG_COMPILER_APPICON_NAME = "App Icon & Top Shelf Image";
				ASSETCATALOG_COMPILER_GLOBAL_ACCENT_COLOR_NAME = AccentColor;
				CODE_SIGN_IDENTITY = "Apple Development";
				CODE_SIGN_STYLE = Automatic;
				CURRENT_PROJECT_VERSION = 3;
				DEVELOPMENT_ASSET_PATHS = "\"Kardasti Persian Radio/Preview Content\"";
				DEVELOPMENT_TEAM = 6C4ECCJSS9;
				ENABLE_PREVIEWS = YES;
				GENERATE_INFOPLIST_FILE = YES;
				INFOPLIST_KEY_CFBundleDisplayName = "Kardasti Persian Radio";
				INFOPLIST_KEY_LSApplicationCategoryType = "public.app-category.entertainment";
				INFOPLIST_KEY_UILaunchScreen_Generation = YES;
				INFOPLIST_KEY_UIUserInterfaceStyle = Automatic;
				LD_RUNPATH_SEARCH_PATHS = (
					"$(inherited)",
					"@executable_path/Frameworks",
				);
				MARKETING_VERSION = 1.0;
				PRODUCT_BUNDLE_IDENTIFIER = "Kardasti24.Kardasti-Persian-Radio-tv";
				PRODUCT_NAME = "$(TARGET_NAME)";
				PROVISIONING_PROFILE_SPECIFIER = "";
				SDKROOT = appletvos;
				SWIFT_EMIT_LOC_STRINGS = YES;
				SWIFT_VERSION = 5.0;
				TARGETED_DEVICE_FAMILY = 3;
				TVOS_DEPLOYMENT_TARGET = 17.5;
			};
			name = Debug;
		};
		87E23E7A2CE013C1006D993F /* Release */ = {
			isa = XCBuildConfiguration;
			buildSettings = {
				ASSETCATALOG_COMPILER_APPICON_NAME = "App Icon & Top Shelf Image";
				ASSETCATALOG_COMPILER_GLOBAL_ACCENT_COLOR_NAME = AccentColor;
				CODE_SIGN_IDENTITY = "Apple Development";
				CODE_SIGN_STYLE = Automatic;
				CURRENT_PROJECT_VERSION = 3;
				DEVELOPMENT_ASSET_PATHS = "\"Kardasti Persian Radio/Preview Content\"";
				DEVELOPMENT_TEAM = 6C4ECCJSS9;
				ENABLE_PREVIEWS = YES;
				GENERATE_INFOPLIST_FILE = YES;
				INFOPLIST_KEY_CFBundleDisplayName = "Kardasti Persian Radio";
				INFOPLIST_KEY_LSApplicationCategoryType = "public.app-category.entertainment";
				INFOPLIST_KEY_UILaunchScreen_Generation = YES;
				INFOPLIST_KEY_UIUserInterfaceStyle = Automatic;
				LD_RUNPATH_SEARCH_PATHS = (
					"$(inherited)",
					"@executable_path/Frameworks",
				);
				MARKETING_VERSION = 1.0;
				PRODUCT_BUNDLE_IDENTIFIER = "Kardasti24.Kardasti-Persian-Radio-tv";
				PRODUCT_NAME = "$(TARGET_NAME)";
				PROVISIONING_PROFILE_SPECIFIER = "";
				SDKROOT = appletvos;
				SWIFT_EMIT_LOC_STRINGS = YES;
				SWIFT_VERSION = 5.0;
				TARGETED_DEVICE_FAMILY = 3;
				TVOS_DEPLOYMENT_TARGET = 17.5;
			};
			name = Release;
		};
		87E23E7C2CE013C1006D993F /* Debug */ = {
			isa = XCBuildConfiguration;
			buildSettings = {
				BUNDLE_LOADER = "$(TEST_HOST)";
				CODE_SIGN_STYLE = Automatic;
				CURRENT_PROJECT_VERSION = 1;
				DEVELOPMENT_TEAM = 6C4ECCJSS9;
				GENERATE_INFOPLIST_FILE = YES;
				MARKETING_VERSION = 1.0;
				PRODUCT_BUNDLE_IDENTIFIER = "tv.Kardasti-Persian-RadioTests";
				PRODUCT_NAME = "$(TARGET_NAME)";
				SDKROOT = appletvos;
				SWIFT_EMIT_LOC_STRINGS = NO;
				SWIFT_VERSION = 5.0;
				TARGETED_DEVICE_FAMILY = 3;
				TEST_HOST = "$(BUILT_PRODUCTS_DIR)/Kardasti Persian Radio.app/$(BUNDLE_EXECUTABLE_FOLDER_PATH)/Kardasti Persian Radio";
				TVOS_DEPLOYMENT_TARGET = 18.1;
			};
			name = Debug;
		};
		87E23E7D2CE013C1006D993F /* Release */ = {
			isa = XCBuildConfiguration;
			buildSettings = {
				BUNDLE_LOADER = "$(TEST_HOST)";
				CODE_SIGN_STYLE = Automatic;
				CURRENT_PROJECT_VERSION = 1;
				DEVELOPMENT_TEAM = 6C4ECCJSS9;
				GENERATE_INFOPLIST_FILE = YES;
				MARKETING_VERSION = 1.0;
				PRODUCT_BUNDLE_IDENTIFIER = "tv.Kardasti-Persian-RadioTests";
				PRODUCT_NAME = "$(TARGET_NAME)";
				SDKROOT = appletvos;
				SWIFT_EMIT_LOC_STRINGS = NO;
				SWIFT_VERSION = 5.0;
				TARGETED_DEVICE_FAMILY = 3;
				TEST_HOST = "$(BUILT_PRODUCTS_DIR)/Kardasti Persian Radio.app/$(BUNDLE_EXECUTABLE_FOLDER_PATH)/Kardasti Persian Radio";
				TVOS_DEPLOYMENT_TARGET = 18.1;
			};
			name = Release;
		};
		87E23E7F2CE013C1006D993F /* Debug */ = {
			isa = XCBuildConfiguration;
			buildSettings = {
				CODE_SIGN_STYLE = Automatic;
				CURRENT_PROJECT_VERSION = 1;
				DEVELOPMENT_TEAM = 6C4ECCJSS9;
				GENERATE_INFOPLIST_FILE = YES;
				MARKETING_VERSION = 1.0;
				PRODUCT_BUNDLE_IDENTIFIER = "tv.Kardasti-Persian-RadioUITests";
				PRODUCT_NAME = "$(TARGET_NAME)";
				SDKROOT = appletvos;
				SWIFT_EMIT_LOC_STRINGS = NO;
				SWIFT_VERSION = 5.0;
				TARGETED_DEVICE_FAMILY = 3;
				TEST_TARGET_NAME = "Kardasti Persian Radio";
			};
			name = Debug;
		};
		87E23E802CE013C1006D993F /* Release */ = {
			isa = XCBuildConfiguration;
			buildSettings = {
				CODE_SIGN_STYLE = Automatic;
				CURRENT_PROJECT_VERSION = 1;
				DEVELOPMENT_TEAM = 6C4ECCJSS9;
				GENERATE_INFOPLIST_FILE = YES;
				MARKETING_VERSION = 1.0;
				PRODUCT_BUNDLE_IDENTIFIER = "tv.Kardasti-Persian-RadioUITests";
				PRODUCT_NAME = "$(TARGET_NAME)";
				SDKROOT = appletvos;
				SWIFT_EMIT_LOC_STRINGS = NO;
				SWIFT_VERSION = 5.0;
				TARGETED_DEVICE_FAMILY = 3;
				TEST_TARGET_NAME = "Kardasti Persian Radio";
			};
			name = Release;
		};
/* End XCBuildConfiguration section */

/* Begin XCConfigurationList section */
		87813C4F2CDC2C81001F2C01 /* Build configuration list for PBXNativeTarget "Kardasti Radio App Watch Watch App" */ = {
			isa = XCConfigurationList;
			buildConfigurations = (
				87813C502CDC2C81001F2C01 /* Debug */,
				87813C512CDC2C81001F2C01 /* Release */,
			);
			defaultConfigurationIsVisible = 0;
			defaultConfigurationName = Release;
		};
		87813C532CDC2C81001F2C01 /* Build configuration list for PBXNativeTarget "Kardasti Radio App Watch Watch AppTests" */ = {
			isa = XCConfigurationList;
			buildConfigurations = (
				87813C542CDC2C81001F2C01 /* Debug */,
				87813C552CDC2C81001F2C01 /* Release */,
			);
			defaultConfigurationIsVisible = 0;
			defaultConfigurationName = Release;
		};
		87813C562CDC2C81001F2C01 /* Build configuration list for PBXNativeTarget "Kardasti Radio App Watch Watch AppUITests" */ = {
			isa = XCConfigurationList;
			buildConfigurations = (
				87813C572CDC2C81001F2C01 /* Debug */,
				87813C582CDC2C81001F2C01 /* Release */,
			);
			defaultConfigurationIsVisible = 0;
			defaultConfigurationName = Release;
		};
		87CD474B2CD2C0A60097B8E7 /* Build configuration list for PBXProject "Kardasti Radio" */ = {
			isa = XCConfigurationList;
			buildConfigurations = (
				87CD47722CD2C0A70097B8E7 /* Debug */,
				87CD47732CD2C0A70097B8E7 /* Release */,
			);
			defaultConfigurationIsVisible = 0;
			defaultConfigurationName = Release;
		};
		87CD47742CD2C0A70097B8E7 /* Build configuration list for PBXNativeTarget "Kardasti Radio" */ = {
			isa = XCConfigurationList;
			buildConfigurations = (
				87CD47752CD2C0A70097B8E7 /* Debug */,
				87CD47762CD2C0A70097B8E7 /* Release */,
			);
			defaultConfigurationIsVisible = 0;
			defaultConfigurationName = Release;
		};
		87CD47772CD2C0A70097B8E7 /* Build configuration list for PBXNativeTarget "Kardasti RadioTests" */ = {
			isa = XCConfigurationList;
			buildConfigurations = (
				87CD47782CD2C0A70097B8E7 /* Debug */,
				87CD47792CD2C0A70097B8E7 /* Release */,
			);
			defaultConfigurationIsVisible = 0;
			defaultConfigurationName = Release;
		};
		87CD477A2CD2C0A70097B8E7 /* Build configuration list for PBXNativeTarget "Kardasti RadioUITests" */ = {
			isa = XCConfigurationList;
			buildConfigurations = (
				87CD477B2CD2C0A70097B8E7 /* Debug */,
				87CD477C2CD2C0A70097B8E7 /* Release */,
			);
			defaultConfigurationIsVisible = 0;
			defaultConfigurationName = Release;
		};
		87E23E782CE013C1006D993F /* Build configuration list for PBXNativeTarget "Kardasti Persian Radio" */ = {
			isa = XCConfigurationList;
			buildConfigurations = (
				87E23E792CE013C1006D993F /* Debug */,
				87E23E7A2CE013C1006D993F /* Release */,
			);
			defaultConfigurationIsVisible = 0;
			defaultConfigurationName = Release;
		};
		87E23E7B2CE013C1006D993F /* Build configuration list for PBXNativeTarget "Kardasti Persian RadioTests" */ = {
			isa = XCConfigurationList;
			buildConfigurations = (
				87E23E7C2CE013C1006D993F /* Debug */,
				87E23E7D2CE013C1006D993F /* Release */,
			);
			defaultConfigurationIsVisible = 0;
			defaultConfigurationName = Release;
		};
		87E23E7E2CE013C1006D993F /* Build configuration list for PBXNativeTarget "Kardasti Persian RadioUITests" */ = {
			isa = XCConfigurationList;
			buildConfigurations = (
				87E23E7F2CE013C1006D993F /* Debug */,
				87E23E802CE013C1006D993F /* Release */,
			);
			defaultConfigurationIsVisible = 0;
			defaultConfigurationName = Release;
		};
/* End XCConfigurationList section */
	};
	rootObject = 87CD47482CD2C0A60097B8E7 /* Project object */;
}
